
Microsoft Visual Studio Solution File, Format Version 12.00
# Visual Studio Version 17
VisualStudioVersion = 17.8.34330.188
MinimumVisualStudioVersion = 10.0.40219.1
Project("{FAE04EC0-301F-11D3-BF4B-00C04F79EFBC}") = "РПМ Практическая работа 19", "РПМ Практическая работа 19.csproj", "{3444BF72-8B5B-4164-870F-572111FC7465}"
EndProject
Global
	GlobalSection(SolutionConfigurationPlatforms) = preSolution
		Debug|Any CPU = Debug|Any CPU
		Release|Any CPU = Release|Any CPU
	EndGlobalSection
	GlobalSection(ProjectConfigurationPlatforms) = postSolution
		{3444BF72-8B5B-4164-870F-572111FC7465}.Debug|Any CPU.ActiveCfg = Debug|Any CPU
		{3444BF72-8B5B-4164-870F-572111FC7465}.Debug|Any CPU.Build.0 = Debug|Any CPU
		{3444BF72-8B5B-4164-870F-572111FC7465}.Release|Any CPU.ActiveCfg = Release|Any CPU
		{3444BF72-8B5B-4164-870F-572111FC7465}.Release|Any CPU.Build.0 = Release|Any CPU
	EndGlobalSection
	GlobalSection(SolutionProperties) = preSolution
		HideSolutionNode = FALSE
	EndGlobalSection
	GlobalSection(ExtensibilityGlobals) = postSolution
		SolutionGuid = {8E32745F-41CA-4A37-A627-12E985EC02BC}
	EndGlobalSection
EndGlobal
